// !$*UTF8*$!
{
	archiveVersion = 1;
	classes = {
	};
	objectVersion = 47;
	objects = {

/* Begin PBXBuildFile section */
		D85C1D891AFFF1E000386353 /* AppDelegate.swift in Sources */ = {isa = PBXBuildFile; fileRef = D85C1D881AFFF1E000386353 /* AppDelegate.swift */; };
		D85C1D8B1AFFF1E000386353 /* GameScene.sks in Resources */ = {isa = PBXBuildFile; fileRef = D85C1D8A1AFFF1E000386353 /* GameScene.sks */; };
		D85C1D8D1AFFF1E000386353 /* GameScene.swift in Sources */ = {isa = PBXBuildFile; fileRef = D85C1D8C1AFFF1E000386353 /* GameScene.swift */; };
		D85C1D8F1AFFF1E000386353 /* GameViewController.swift in Sources */ = {isa = PBXBuildFile; fileRef = D85C1D8E1AFFF1E000386353 /* GameViewController.swift */; };
		D85C1D921AFFF1E000386353 /* Main.storyboard in Resources */ = {isa = PBXBuildFile; fileRef = D85C1D901AFFF1E000386353 /* Main.storyboard */; };
		D85C1D941AFFF1E000386353 /* Images.xcassets in Resources */ = {isa = PBXBuildFile; fileRef = D85C1D931AFFF1E000386353 /* Images.xcassets */; };
		D85C1D971AFFF1E000386353 /* LaunchScreen.xib in Resources */ = {isa = PBXBuildFile; fileRef = D85C1D951AFFF1E000386353 /* LaunchScreen.xib */; };
		D85C1DA31AFFF1E000386353 /* SimonTests.swift in Sources */ = {isa = PBXBuildFile; fileRef = D85C1DA21AFFF1E000386353 /* SimonTests.swift */; };
		D85C1DB11AFFF25A00386353 /* Buttons.atlas in Resources */ = {isa = PBXBuildFile; fileRef = D85C1DAD1AFFF25A00386353 /* Buttons.atlas */; };
		D85C1DB21AFFF25A00386353 /* MainMenuScene.sks in Resources */ = {isa = PBXBuildFile; fileRef = D85C1DAE1AFFF25A00386353 /* MainMenuScene.sks */; };
		D85C1DB31AFFF25A00386353 /* MainMenuScene.swift in Sources */ = {isa = PBXBuildFile; fileRef = D85C1DAF1AFFF25A00386353 /* MainMenuScene.swift */; };
		D85C1DBA1B00050300386353 /* blue.caf in Resources */ = {isa = PBXBuildFile; fileRef = D85C1DB61B00050300386353 /* blue.caf */; };
		D85C1DBB1B00050300386353 /* yellow.caf in Resources */ = {isa = PBXBuildFile; fileRef = D85C1DB71B00050300386353 /* yellow.caf */; };
		D85C1DBC1B00050300386353 /* red.caf in Resources */ = {isa = PBXBuildFile; fileRef = D85C1DB81B00050300386353 /* red.caf */; };
		D85C1DBD1B00050300386353 /* green.caf in Resources */ = {isa = PBXBuildFile; fileRef = D85C1DB91B00050300386353 /* green.caf */; };
		D85C1DBF1B0005BD00386353 /* SimonButton.swift in Sources */ = {isa = PBXBuildFile; fileRef = D85C1DBE1B0005BD00386353 /* SimonButton.swift */; };
		D85C1DC11B003BEB00386353 /* GameOverScene.swift in Sources */ = {isa = PBXBuildFile; fileRef = D85C1DC01B003BEB00386353 /* GameOverScene.swift */; };
		D85C1DC31B003C0600386353 /* GameOverScene.sks in Resources */ = {isa = PBXBuildFile; fileRef = D85C1DC21B003C0600386353 /* GameOverScene.sks */; };
		D85C1DC61B0051FB00386353 /* gameover.caf in Resources */ = {isa = PBXBuildFile; fileRef = D85C1DC41B0051FB00386353 /* gameover.caf */; };
		D85C1DC71B0051FB00386353 /* startgame.caf in Resources */ = {isa = PBXBuildFile; fileRef = D85C1DC51B0051FB00386353 /* startgame.caf */; };
/* End PBXBuildFile section */

/* Begin PBXContainerItemProxy section */
		D85C1D9D1AFFF1E000386353 /* PBXContainerItemProxy */ = {
			isa = PBXContainerItemProxy;
			containerPortal = D85C1D7B1AFFF1E000386353 /* Project object */;
			proxyType = 1;
			remoteGlobalIDString = D85C1D821AFFF1E000386353;
			remoteInfo = Simon;
		};
/* End PBXContainerItemProxy section */

/* Begin PBXFileReference section */
		D85C1D831AFFF1E000386353 /* Simon.app */ = {isa = PBXFileReference; explicitFileType = wrapper.application; includeInIndex = 0; path = Simon.app; sourceTree = BUILT_PRODUCTS_DIR; };
		D85C1D871AFFF1E000386353 /* Info.plist */ = {isa = PBXFileReference; lastKnownFileType = text.plist.xml; path = Info.plist; sourceTree = "<group>"; };
		D85C1D881AFFF1E000386353 /* AppDelegate.swift */ = {isa = PBXFileReference; lastKnownFileType = sourcecode.swift; path = AppDelegate.swift; sourceTree = "<group>"; };
		D85C1D8A1AFFF1E000386353 /* GameScene.sks */ = {isa = PBXFileReference; lastKnownFileType = file.sks; path = GameScene.sks; sourceTree = "<group>"; };
		D85C1D8C1AFFF1E000386353 /* GameScene.swift */ = {isa = PBXFileReference; lastKnownFileType = sourcecode.swift; path = GameScene.swift; sourceTree = "<group>"; };
		D85C1D8E1AFFF1E000386353 /* GameViewController.swift */ = {isa = PBXFileReference; lastKnownFileType = sourcecode.swift; path = GameViewController.swift; sourceTree = "<group>"; };
		D85C1D911AFFF1E000386353 /* Base */ = {isa = PBXFileReference; lastKnownFileType = file.storyboard; name = Base; path = Base.lproj/Main.storyboard; sourceTree = "<group>"; };
		D85C1D931AFFF1E000386353 /* Images.xcassets */ = {isa = PBXFileReference; lastKnownFileType = folder.assetcatalog; path = Images.xcassets; sourceTree = "<group>"; };
		D85C1D961AFFF1E000386353 /* Base */ = {isa = PBXFileReference; lastKnownFileType = file.xib; name = Base; path = Base.lproj/LaunchScreen.xib; sourceTree = "<group>"; };
		D85C1D9C1AFFF1E000386353 /* SimonTests.xctest */ = {isa = PBXFileReference; explicitFileType = wrapper.cfbundle; includeInIndex = 0; path = SimonTests.xctest; sourceTree = BUILT_PRODUCTS_DIR; };
		D85C1DA11AFFF1E000386353 /* Info.plist */ = {isa = PBXFileReference; lastKnownFileType = text.plist.xml; path = Info.plist; sourceTree = "<group>"; };
		D85C1DA21AFFF1E000386353 /* SimonTests.swift */ = {isa = PBXFileReference; lastKnownFileType = sourcecode.swift; path = SimonTests.swift; sourceTree = "<group>"; };
		D85C1DAD1AFFF25A00386353 /* Buttons.atlas */ = {isa = PBXFileReference; lastKnownFileType = folder.skatlas; path = Buttons.atlas; sourceTree = "<group>"; };
		D85C1DAE1AFFF25A00386353 /* MainMenuScene.sks */ = {isa = PBXFileReference; lastKnownFileType = file.sks; path = MainMenuScene.sks; sourceTree = "<group>"; };
		D85C1DAF1AFFF25A00386353 /* MainMenuScene.swift */ = {isa = PBXFileReference; fileEncoding = 4; lastKnownFileType = sourcecode.swift; path = MainMenuScene.swift; sourceTree = "<group>"; };
		D85C1DB61B00050300386353 /* blue.caf */ = {isa = PBXFileReference; lastKnownFileType = file; path = blue.caf; sourceTree = "<group>"; };
		D85C1DB71B00050300386353 /* yellow.caf */ = {isa = PBXFileReference; lastKnownFileType = file; path = yellow.caf; sourceTree = "<group>"; };
		D85C1DB81B00050300386353 /* red.caf */ = {isa = PBXFileReference; lastKnownFileType = file; path = red.caf; sourceTree = "<group>"; };
		D85C1DB91B00050300386353 /* green.caf */ = {isa = PBXFileReference; lastKnownFileType = file; path = green.caf; sourceTree = "<group>"; };
		D85C1DBE1B0005BD00386353 /* SimonButton.swift */ = {isa = PBXFileReference; fileEncoding = 4; lastKnownFileType = sourcecode.swift; path = SimonButton.swift; sourceTree = "<group>"; };
		D85C1DC01B003BEB00386353 /* GameOverScene.swift */ = {isa = PBXFileReference; fileEncoding = 4; lastKnownFileType = sourcecode.swift; path = GameOverScene.swift; sourceTree = "<group>"; };
		D85C1DC21B003C0600386353 /* GameOverScene.sks */ = {isa = PBXFileReference; lastKnownFileType = file.sks; path = GameOverScene.sks; sourceTree = "<group>"; };
		D85C1DC41B0051FB00386353 /* gameover.caf */ = {isa = PBXFileReference; lastKnownFileType = file; path = gameover.caf; sourceTree = "<group>"; };
		D85C1DC51B0051FB00386353 /* startgame.caf */ = {isa = PBXFileReference; lastKnownFileType = file; path = startgame.caf; sourceTree = "<group>"; };
/* End PBXFileReference section */

/* Begin PBXFrameworksBuildPhase section */
		D85C1D801AFFF1E000386353 /* Frameworks */ = {
			isa = PBXFrameworksBuildPhase;
			buildActionMask = 2147483647;
			files = (
			);
			runOnlyForDeploymentPostprocessing = 0;
		};
		D85C1D991AFFF1E000386353 /* Frameworks */ = {
			isa = PBXFrameworksBuildPhase;
			buildActionMask = 2147483647;
			files = (
			);
			runOnlyForDeploymentPostprocessing = 0;
		};
/* End PBXFrameworksBuildPhase section */

/* Begin PBXGroup section */
		D85C1D7A1AFFF1E000386353 = {
			isa = PBXGroup;
			children = (
				D85C1D851AFFF1E000386353 /* Simon */,
				D85C1D9F1AFFF1E000386353 /* SimonTests */,
				D85C1D841AFFF1E000386353 /* Products */,
			);
			sourceTree = "<group>";
		};
		D85C1D841AFFF1E000386353 /* Products */ = {
			isa = PBXGroup;
			children = (
				D85C1D831AFFF1E000386353 /* Simon.app */,
				D85C1D9C1AFFF1E000386353 /* SimonTests.xctest */,
			);
			name = Products;
			sourceTree = "<group>";
		};
		D85C1D851AFFF1E000386353 /* Simon */ = {
			isa = PBXGroup;
			children = (
				D85C1DAD1AFFF25A00386353 /* Buttons.atlas */,
				D85C1DC21B003C0600386353 /* GameOverScene.sks */,
				D85C1D8A1AFFF1E000386353 /* GameScene.sks */,
				D85C1DAE1AFFF25A00386353 /* MainMenuScene.sks */,
				D85C1D881AFFF1E000386353 /* AppDelegate.swift */,
				D85C1DC01B003BEB00386353 /* GameOverScene.swift */,
				D85C1D8C1AFFF1E000386353 /* GameScene.swift */,
				D85C1D8E1AFFF1E000386353 /* GameViewController.swift */,
				D85C1DAF1AFFF25A00386353 /* MainMenuScene.swift */,
				D85C1DBE1B0005BD00386353 /* SimonButton.swift */,
				D85C1D931AFFF1E000386353 /* Images.xcassets */,
				D85C1D951AFFF1E000386353 /* LaunchScreen.xib */,
				D85C1D901AFFF1E000386353 /* Main.storyboard */,
				D85C1DB51B00050300386353 /* Sound Effects */,
				D85C1D861AFFF1E000386353 /* Supporting Files */,
			);
			path = Simon;
			sourceTree = "<group>";
		};
		D85C1D861AFFF1E000386353 /* Supporting Files */ = {
			isa = PBXGroup;
			children = (
				D85C1D871AFFF1E000386353 /* Info.plist */,
			);
			name = "Supporting Files";
			sourceTree = "<group>";
		};
		D85C1D9F1AFFF1E000386353 /* SimonTests */ = {
			isa = PBXGroup;
			children = (
				D85C1DA21AFFF1E000386353 /* SimonTests.swift */,
				D85C1DA01AFFF1E000386353 /* Supporting Files */,
			);
			path = SimonTests;
			sourceTree = "<group>";
		};
		D85C1DA01AFFF1E000386353 /* Supporting Files */ = {
			isa = PBXGroup;
			children = (
				D85C1DA11AFFF1E000386353 /* Info.plist */,
			);
			name = "Supporting Files";
			sourceTree = "<group>";
		};
		D85C1DB51B00050300386353 /* Sound Effects */ = {
			isa = PBXGroup;
			children = (
				D85C1DC41B0051FB00386353 /* gameover.caf */,
				D85C1DC51B0051FB00386353 /* startgame.caf */,
				D85C1DB61B00050300386353 /* blue.caf */,
				D85C1DB71B00050300386353 /* yellow.caf */,
				D85C1DB81B00050300386353 /* red.caf */,
				D85C1DB91B00050300386353 /* green.caf */,
			);
			path = "Sound Effects";
			sourceTree = "<group>";
		};
/* End PBXGroup section */

/* Begin PBXNativeTarget section */
		D85C1D821AFFF1E000386353 /* Simon */ = {
			isa = PBXNativeTarget;
			buildConfigurationList = D85C1DA61AFFF1E000386353 /* Build configuration list for PBXNativeTarget "Simon" */;
			buildPhases = (
				D85C1D7F1AFFF1E000386353 /* Sources */,
				D85C1D801AFFF1E000386353 /* Frameworks */,
				D85C1D811AFFF1E000386353 /* Resources */,
			);
			buildRules = (
			);
			dependencies = (
			);
			name = Simon;
			productName = Simon;
			productReference = D85C1D831AFFF1E000386353 /* Simon.app */;
			productType = "com.apple.product-type.application";
		};
		D85C1D9B1AFFF1E000386353 /* SimonTests */ = {
			isa = PBXNativeTarget;
			buildConfigurationList = D85C1DA91AFFF1E000386353 /* Build configuration list for PBXNativeTarget "SimonTests" */;
			buildPhases = (
				D85C1D981AFFF1E000386353 /* Sources */,
				D85C1D991AFFF1E000386353 /* Frameworks */,
				D85C1D9A1AFFF1E000386353 /* Resources */,
			);
			buildRules = (
			);
			dependencies = (
				D85C1D9E1AFFF1E000386353 /* PBXTargetDependency */,
			);
			name = SimonTests;
			productName = SimonTests;
			productReference = D85C1D9C1AFFF1E000386353 /* SimonTests.xctest */;
			productType = "com.apple.product-type.bundle.unit-test";
		};
/* End PBXNativeTarget section */

/* Begin PBXProject section */
		D85C1D7B1AFFF1E000386353 /* Project object */ = {
			isa = PBXProject;
			attributes = {
				LastUpgradeCheck = 0630;
				ORGANIZATIONNAME = "Matheus Aeroso";
				TargetAttributes = {
					D85C1D821AFFF1E000386353 = {
						CreatedOnToolsVersion = 6.3.1;
					};
					D85C1D9B1AFFF1E000386353 = {
						CreatedOnToolsVersion = 6.3.1;
						TestTargetID = D85C1D821AFFF1E000386353;
					};
				};
			};
			buildConfigurationList = D85C1D7E1AFFF1E000386353 /* Build configuration list for PBXProject "Simon" */;
			compatibilityVersion = "Xcode 6.3";
			developmentRegion = English;
			hasScannedForEncodings = 0;
			knownRegions = (
				en,
				Base,
			);
			mainGroup = D85C1D7A1AFFF1E000386353;
			productRefGroup = D85C1D841AFFF1E000386353 /* Products */;
			projectDirPath = "";
			projectRoot = "";
			targets = (
				D85C1D821AFFF1E000386353 /* Simon */,
				D85C1D9B1AFFF1E000386353 /* SimonTests */,
			);
		};
/* End PBXProject section */

/* Begin PBXResourcesBuildPhase section */
		D85C1D811AFFF1E000386353 /* Resources */ = {
			isa = PBXResourcesBuildPhase;
			buildActionMask = 2147483647;
			files = (
				D85C1DBC1B00050300386353 /* red.caf in Resources */,
				D85C1D971AFFF1E000386353 /* LaunchScreen.xib in Resources */,
				D85C1DBA1B00050300386353 /* blue.caf in Resources */,
				D85C1D941AFFF1E000386353 /* Images.xcassets in Resources */,
				D85C1D8B1AFFF1E000386353 /* GameScene.sks in Resources */,
				D85C1DC71B0051FB00386353 /* startgame.caf in Resources */,
				D85C1DB11AFFF25A00386353 /* Buttons.atlas in Resources */,
				D85C1DC61B0051FB00386353 /* gameover.caf in Resources */,
				D85C1DB21AFFF25A00386353 /* MainMenuScene.sks in Resources */,
				D85C1DBB1B00050300386353 /* yellow.caf in Resources */,
				D85C1DBD1B00050300386353 /* green.caf in Resources */,
				D85C1DC31B003C0600386353 /* GameOverScene.sks in Resources */,
				D85C1D921AFFF1E000386353 /* Main.storyboard in Resources */,
			);
			runOnlyForDeploymentPostprocessing = 0;
		};
		D85C1D9A1AFFF1E000386353 /* Resources */ = {
			isa = PBXResourcesBuildPhase;
			buildActionMask = 2147483647;
			files = (
			);
			runOnlyForDeploymentPostprocessing = 0;
		};
/* End PBXResourcesBuildPhase section */

/* Begin PBXSourcesBuildPhase section */
		D85C1D7F1AFFF1E000386353 /* Sources */ = {
			isa = PBXSourcesBuildPhase;
			buildActionMask = 2147483647;
			files = (
				D85C1D8D1AFFF1E000386353 /* GameScene.swift in Sources */,
				D85C1D8F1AFFF1E000386353 /* GameViewController.swift in Sources */,
				D85C1DC11B003BEB00386353 /* GameOverScene.swift in Sources */,
				D85C1DB31AFFF25A00386353 /* MainMenuScene.swift in Sources */,
				D85C1DBF1B0005BD00386353 /* SimonButton.swift in Sources */,
				D85C1D891AFFF1E000386353 /* AppDelegate.swift in Sources */,
			);
			runOnlyForDeploymentPostprocessing = 0;
		};
		D85C1D981AFFF1E000386353 /* Sources */ = {
			isa = PBXSourcesBuildPhase;
			buildActionMask = 2147483647;
			files = (
				D85C1DA31AFFF1E000386353 /* SimonTests.swift in Sources */,
			);
			runOnlyForDeploymentPostprocessing = 0;
		};
/* End PBXSourcesBuildPhase section */

/* Begin PBXTargetDependency section */
		D85C1D9E1AFFF1E000386353 /* PBXTargetDependency */ = {
			isa = PBXTargetDependency;
			target = D85C1D821AFFF1E000386353 /* Simon */;
			targetProxy = D85C1D9D1AFFF1E000386353 /* PBXContainerItemProxy */;
		};
/* End PBXTargetDependency section */

/* Begin PBXVariantGroup section */
		D85C1D901AFFF1E000386353 /* Main.storyboard */ = {
			isa = PBXVariantGroup;
			children = (
				D85C1D911AFFF1E000386353 /* Base */,
			);
			name = Main.storyboard;
			sourceTree = "<group>";
		};
		D85C1D951AFFF1E000386353 /* LaunchScreen.xib */ = {
			isa = PBXVariantGroup;
			children = (
				D85C1D961AFFF1E000386353 /* Base */,
			);
			name = LaunchScreen.xib;
			sourceTree = "<group>";
		};
/* End PBXVariantGroup section */

/* Begin XCBuildConfiguration section */
		D85C1DA41AFFF1E000386353 /* Debug */ = {
			isa = XCBuildConfiguration;
			buildSettings = {
				ALWAYS_SEARCH_USER_PATHS = NO;
				CLANG_CXX_LANGUAGE_STANDARD = "gnu++0x";
				CLANG_CXX_LIBRARY = "libc++";
				CLANG_ENABLE_MODULES = YES;
				CLANG_ENABLE_OBJC_ARC = YES;
				CLANG_WARN_BOOL_CONVERSION = YES;
				CLANG_WARN_CONSTANT_CONVERSION = YES;
				CLANG_WARN_DIRECT_OBJC_ISA_USAGE = YES_ERROR;
				CLANG_WARN_EMPTY_BODY = YES;
				CLANG_WARN_ENUM_CONVERSION = YES;
				CLANG_WARN_INT_CONVERSION = YES;
				CLANG_WARN_OBJC_ROOT_CLASS = YES_ERROR;
				CLANG_WARN_UNREACHABLE_CODE = YES;
				CLANG_WARN__DUPLICATE_METHOD_MATCH = YES;
				"CODE_SIGN_IDENTITY[sdk=iphoneos*]" = "iPhone Developer";
				COPY_PHASE_STRIP = NO;
				DEBUG_INFORMATION_FORMAT = "dwarf-with-dsym";
				ENABLE_STRICT_OBJC_MSGSEND = YES;
				GCC_C_LANGUAGE_STANDARD = gnu99;
				GCC_DYNAMIC_NO_PIC = NO;
				GCC_NO_COMMON_BLOCKS = YES;
				GCC_OPTIMIZATION_LEVEL = 0;
				GCC_PREPROCESSOR_DEFINITIONS = (
					"DEBUG=1",
					"$(inherited)",
				);
				GCC_SYMBOLS_PRIVATE_EXTERN = NO;
				GCC_WARN_64_TO_32_BIT_CONVERSION = YES;
				GCC_WARN_ABOUT_RETURN_TYPE = YES_ERROR;
				GCC_WARN_UNDECLARED_SELECTOR = YES;
				GCC_WARN_UNINITIALIZED_AUTOS = YES_AGGRESSIVE;
				GCC_WARN_UNUSED_FUNCTION = YES;
				GCC_WARN_UNUSED_VARIABLE = YES;
				IPHONEOS_DEPLOYMENT_TARGET = 8.3;
				MTL_ENABLE_DEBUG_INFO = YES;
				ONLY_ACTIVE_ARCH = YES;
				SDKROOT = iphoneos;
				SWIFT_OPTIMIZATION_LEVEL = "-Onone";
				TARGETED_DEVICE_FAMILY = "1,2";
			};
			name = Debug;
		};
		D85C1DA51AFFF1E000386353 /* Release */ = {
			isa = XCBuildConfiguration;
			buildSettings = {
				ALWAYS_SEARCH_USER_PATHS = NO;
				CLANG_CXX_LANGUAGE_STANDARD = "gnu++0x";
				CLANG_CXX_LIBRARY = "libc++";
				CLANG_ENABLE_MODULES = YES;
				CLANG_ENABLE_OBJC_ARC = YES;
				CLANG_WARN_BOOL_CONVERSION = YES;
				CLANG_WARN_CONSTANT_CONVERSION = YES;
				CLANG_WARN_DIRECT_OBJC_ISA_USAGE = YES_ERROR;
				CLANG_WARN_EMPTY_BODY = YES;
				CLANG_WARN_ENUM_CONVERSION = YES;
				CLANG_WARN_INT_CONVERSION = YES;
				CLANG_WARN_OBJC_ROOT_CLASS = YES_ERROR;
				CLANG_WARN_UNREACHABLE_CODE = YES;
				CLANG_WARN__DUPLICATE_METHOD_MATCH = YES;
				"CODE_SIGN_IDENTITY[sdk=iphoneos*]" = "iPhone Developer";
				COPY_PHASE_STRIP = NO;
				DEBUG_INFORMATION_FORMAT = "dwarf-with-dsym";
				ENABLE_NS_ASSERTIONS = NO;
				ENABLE_STRICT_OBJC_MSGSEND = YES;
				GCC_C_LANGUAGE_STANDARD = gnu99;
				GCC_NO_COMMON_BLOCKS = YES;
				GCC_WARN_64_TO_32_BIT_CONVERSION = YES;
				GCC_WARN_ABOUT_RETURN_TYPE = YES_ERROR;
				GCC_WARN_UNDECLARED_SELECTOR = YES;
				GCC_WARN_UNINITIALIZED_AUTOS = YES_AGGRESSIVE;
				GCC_WARN_UNUSED_FUNCTION = YES;
				GCC_WARN_UNUSED_VARIABLE = YES;
				IPHONEOS_DEPLOYMENT_TARGET = 8.3;
				MTL_ENABLE_DEBUG_INFO = NO;
				SDKROOT = iphoneos;
				TARGETED_DEVICE_FAMILY = "1,2";
				VALIDATE_PRODUCT = YES;
			};
			name = Release;
		};
		D85C1DA71AFFF1E000386353 /* Debug */ = {
			isa = XCBuildConfiguration;
			buildSettings = {
				ASSETCATALOG_COMPILER_APPICON_NAME = AppIcon;
				INFOPLIST_FILE = Simon/Info.plist;
				LD_RUNPATH_SEARCH_PATHS = "$(inherited) @executable_path/Frameworks";
				PRODUCT_NAME = "$(TARGET_NAME)";
			};
			name = Debug;
		};
		D85C1DA81AFFF1E000386353 /* Release */ = {
			isa = XCBuildConfiguration;
			buildSettings = {
				ASSETCATALOG_COMPILER_APPICON_NAME = AppIcon;
				INFOPLIST_FILE = Simon/Info.plist;
				LD_RUNPATH_SEARCH_PATHS = "$(inherited) @executable_path/Frameworks";
				PRODUCT_NAME = "$(TARGET_NAME)";
			};
			name = Release;
		};
		D85C1DAA1AFFF1E000386353 /* Debug */ = {
			isa = XCBuildConfiguration;
			buildSettings = {
				BUNDLE_LOADER = "$(TEST_HOST)";
				FRAMEWORK_SEARCH_PATHS = (
					"$(SDKROOT)/Developer/Library/Frameworks",
					"$(inherited)",
				);
				GCC_PREPROCESSOR_DEFINITIONS = (
					"DEBUG=1",
					"$(inherited)",
				);
				INFOPLIST_FILE = SimonTests/Info.plist;
				LD_RUNPATH_SEARCH_PATHS = "$(inherited) @executable_path/Frameworks @loader_path/Frameworks";
				PRODUCT_NAME = "$(TARGET_NAME)";
				TEST_HOST = "$(BUILT_PRODUCTS_DIR)/Simon.app/Simon";
			};
			name = Debug;
		};
		D85C1DAB1AFFF1E000386353 /* Release */ = {
			isa = XCBuildConfiguration;
			buildSettings = {
				BUNDLE_LOADER = "$(TEST_HOST)";
				FRAMEWORK_SEARCH_PATHS = (
					"$(SDKROOT)/Developer/Library/Frameworks",
					"$(inherited)",
				);
				INFOPLIST_FILE = SimonTests/Info.plist;
				LD_RUNPATH_SEARCH_PATHS = "$(inherited) @executable_path/Frameworks @loader_path/Frameworks";
				PRODUCT_NAME = "$(TARGET_NAME)";
				TEST_HOST = "$(BUILT_PRODUCTS_DIR)/Simon.app/Simon";
			};
			name = Release;
		};
/* End XCBuildConfiguration section */

/* Begin XCConfigurationList section */
		D85C1D7E1AFFF1E000386353 /* Build configuration list for PBXProject "Simon" */ = {
			isa = XCConfigurationList;
			buildConfigurations = (
				D85C1DA41AFFF1E000386353 /* Debug */,
				D85C1DA51AFFF1E000386353 /* Release */,
			);
			defaultConfigurationIsVisible = 0;
			defaultConfigurationName = Release;
		};
		D85C1DA61AFFF1E000386353 /* Build configuration list for PBXNativeTarget "Simon" */ = {
			isa = XCConfigurationList;
			buildConfigurations = (
				D85C1DA71AFFF1E000386353 /* Debug */,
				D85C1DA81AFFF1E000386353 /* Release */,
			);
			defaultConfigurationIsVisible = 0;
			defaultConfigurationName = Release;
		};
		D85C1DA91AFFF1E000386353 /* Build configuration list for PBXNativeTarget "SimonTests" */ = {
			isa = XCConfigurationList;
			buildConfigurations = (
				D85C1DAA1AFFF1E000386353 /* Debug */,
				D85C1DAB1AFFF1E000386353 /* Release */,
			);
			defaultConfigurationIsVisible = 0;
			defaultConfigurationName = Release;
		};
/* End XCConfigurationList section */
	};
	rootObject = D85C1D7B1AFFF1E000386353 /* Project object */;
}
